
Microsoft Visual Studio Solution File, Format Version 12.00
# Visual Studio Version 17
VisualStudioVersion = 17.11.35222.181
MinimumVisualStudioVersion = 10.0.40219.1
Project("{FAE04EC0-301F-11D3-BF4B-00C04F79EFBC}") = "ConsoleApp15", "ConsoleApp15\ConsoleApp15.csproj", "{09902F3A-F113-4CD6-ACD8-6C058878745A}"
EndProject
Global
	GlobalSection(SolutionConfigurationPlatforms) = preSolution
		Debug|Any CPU = Debug|Any CPU
		Release|Any CPU = Release|Any CPU
	EndGlobalSection
	GlobalSection(ProjectConfigurationPlatforms) = postSolution
		{09902F3A-F113-4CD6-ACD8-6C058878745A}.Debug|Any CPU.ActiveCfg = Debug|Any CPU
		{09902F3A-F113-4CD6-ACD8-6C058878745A}.Debug|Any CPU.Build.0 = Debug|Any CPU
		{09902F3A-F113-4CD6-ACD8-6C058878745A}.Release|Any CPU.ActiveCfg = Release|Any CPU
		{09902F3A-F113-4CD6-ACD8-6C058878745A}.Release|Any CPU.Build.0 = Release|Any CPU
	EndGlobalSection
	GlobalSection(SolutionProperties) = preSolution
		HideSolutionNode = FALSE
	EndGlobalSection
	GlobalSection(ExtensibilityGlobals) = postSolution
		SolutionGuid = {60FCD2CF-96A5-4A62-9083-BC07CE96FD24}
	EndGlobalSection
EndGlobal
